
Microsoft Visual Studio Solution File, Format Version 12.00
# Visual Studio Version 17
VisualStudioVersion = 17.1.32407.343
MinimumVisualStudioVersion = 10.0.40219.1
Project("{FAE04EC0-301F-11D3-BF4B-00C04F79EFBC}") = "Dictionary", "Dictionary\Dictionary.csproj", "{607F3E40-BC0B-4B4F-8CB0-8F920EEB27BE}"
EndProject
Global
	GlobalSection(SolutionConfigurationPlatforms) = preSolution
		Debug|Any CPU = Debug|Any CPU
		Release|Any CPU = Release|Any CPU
	EndGlobalSection
	GlobalSection(ProjectConfigurationPlatforms) = postSolution
		{607F3E40-BC0B-4B4F-8CB0-8F920EEB27BE}.Debug|Any CPU.ActiveCfg = Debug|Any CPU
		{607F3E40-BC0B-4B4F-8CB0-8F920EEB27BE}.Debug|Any CPU.Build.0 = Debug|Any CPU
		{607F3E40-BC0B-4B4F-8CB0-8F920EEB27BE}.Release|Any CPU.ActiveCfg = Release|Any CPU
		{607F3E40-BC0B-4B4F-8CB0-8F920EEB27BE}.Release|Any CPU.Build.0 = Release|Any CPU
	EndGlobalSection
	GlobalSection(SolutionProperties) = preSolution
		HideSolutionNode = FALSE
	EndGlobalSection
	GlobalSection(ExtensibilityGlobals) = postSolution
		SolutionGuid = {20D53260-4C8B-43DA-B1E7-41897B694F1A}
	EndGlobalSection
EndGlobal
